
Microsoft Visual Studio Solution File, Format Version 11.00
# Visual Studio 2010
Project("{FAE04EC0-301F-11D3-BF4B-00C04F79EFBC}") = "XRC.Students.SU2023.IN03.Chen", "XRC.Students.SU2023.IN03.Chen.csproj", "{e61e5cf3-1bca-2ae1-4bcf-05f25944678f}"
EndProject
Project("{FAE04EC0-301F-11D3-BF4B-00C04F79EFBC}") = "Unity.XR.Interaction.Toolkit.Samples.StarterAssets", "Unity.XR.Interaction.Toolkit.Samples.StarterAssets.csproj", "{655b579c-b65e-d3a7-0340-ab4ae91fd91a}"
EndProject
Project("{FAE04EC0-301F-11D3-BF4B-00C04F79EFBC}") = "Unity.XR.Interaction.Toolkit.Samples.DeviceSimulator", "Unity.XR.Interaction.Toolkit.Samples.DeviceSimulator.csproj", "{94cb368c-5ddc-db19-7b8c-79c6781eda3a}"
EndProject
Project("{FAE04EC0-301F-11D3-BF4B-00C04F79EFBC}") = "Unity.XR.Interaction.Toolkit.Samples.StarterAssets.Editor", "Unity.XR.Interaction.Toolkit.Samples.StarterAssets.Editor.csproj", "{18f765cc-11c3-59b4-8476-2d6158a57cb2}"
EndProject
Project("{FAE04EC0-301F-11D3-BF4B-00C04F79EFBC}") = "Assembly-CSharp", "Assembly-CSharp.csproj", "{95253ff6-fc32-f982-07cb-225ecc44cd95}"
EndProject
Project("{FAE04EC0-301F-11D3-BF4B-00C04F79EFBC}") = "Assembly-CSharp-Editor", "Assembly-CSharp-Editor.csproj", "{e562d592-7eb2-4542-e3d2-ba26abde10d2}"
EndProject
Global
	GlobalSection(SolutionConfigurationPlatforms) = preSolution
		Debug|Any CPU = Debug|Any CPU
	EndGlobalSection
	GlobalSection(ProjectConfigurationPlatforms) = postSolution
		{e61e5cf3-1bca-2ae1-4bcf-05f25944678f}.Debug|Any CPU.ActiveCfg = Debug|Any CPU
		{e61e5cf3-1bca-2ae1-4bcf-05f25944678f}.Debug|Any CPU.Build.0 = Debug|Any CPU
		{655b579c-b65e-d3a7-0340-ab4ae91fd91a}.Debug|Any CPU.ActiveCfg = Debug|Any CPU
		{655b579c-b65e-d3a7-0340-ab4ae91fd91a}.Debug|Any CPU.Build.0 = Debug|Any CPU
		{94cb368c-5ddc-db19-7b8c-79c6781eda3a}.Debug|Any CPU.ActiveCfg = Debug|Any CPU
		{94cb368c-5ddc-db19-7b8c-79c6781eda3a}.Debug|Any CPU.Build.0 = Debug|Any CPU
		{18f765cc-11c3-59b4-8476-2d6158a57cb2}.Debug|Any CPU.ActiveCfg = Debug|Any CPU
		{18f765cc-11c3-59b4-8476-2d6158a57cb2}.Debug|Any CPU.Build.0 = Debug|Any CPU
		{95253ff6-fc32-f982-07cb-225ecc44cd95}.Debug|Any CPU.ActiveCfg = Debug|Any CPU
		{95253ff6-fc32-f982-07cb-225ecc44cd95}.Debug|Any CPU.Build.0 = Debug|Any CPU
		{e562d592-7eb2-4542-e3d2-ba26abde10d2}.Debug|Any CPU.ActiveCfg = Debug|Any CPU
		{e562d592-7eb2-4542-e3d2-ba26abde10d2}.Debug|Any CPU.Build.0 = Debug|Any CPU
	EndGlobalSection
	GlobalSection(SolutionProperties) = preSolution
		HideSolutionNode = FALSE
	EndGlobalSection
EndGlobal
